
Microsoft Visual Studio Solution File, Format Version 12.00
# Visual Studio Version 16
VisualStudioVersion = 16.0.31205.134
MinimumVisualStudioVersion = 10.0.40219.1
Project("{9A19103F-16F7-4668-BE54-9A1E7A4F7556}") = "RealmAPI", "RealmAPI\RealmAPI.csproj", "{F8933078-72D4-499B-B1BF-509AC31506EC}"
EndProject
Project("{9A19103F-16F7-4668-BE54-9A1E7A4F7556}") = "RealmDAL", "RealmDAL\RealmDAL.csproj", "{B345EAD5-8140-456D-83CD-3A0569864B1C}"
EndProject
Project("{9A19103F-16F7-4668-BE54-9A1E7A4F7556}") = "RealmDomain", "RealmDomain\RealmDomain.csproj", "{50FFAD86-204A-4504-B1ED-37270F6A727D}"
EndProject
Project("{2150E333-8FDC-42A3-9474-1A3956D46DE8}") = "Solution Items", "Solution Items", "{74AAA9CB-CA20-4D7B-AA9A-2A8928E93A09}"
	ProjectSection(SolutionItems) = preProject
		.editorconfig = .editorconfig
	EndProjectSection
EndProject
Global
	GlobalSection(SolutionConfigurationPlatforms) = preSolution
		Debug|Any CPU = Debug|Any CPU
		Release|Any CPU = Release|Any CPU
	EndGlobalSection
	GlobalSection(ProjectConfigurationPlatforms) = postSolution
		{F8933078-72D4-499B-B1BF-509AC31506EC}.Debug|Any CPU.ActiveCfg = Debug|Any CPU
		{F8933078-72D4-499B-B1BF-509AC31506EC}.Debug|Any CPU.Build.0 = Debug|Any CPU
		{F8933078-72D4-499B-B1BF-509AC31506EC}.Release|Any CPU.ActiveCfg = Release|Any CPU
		{F8933078-72D4-499B-B1BF-509AC31506EC}.Release|Any CPU.Build.0 = Release|Any CPU
		{B345EAD5-8140-456D-83CD-3A0569864B1C}.Debug|Any CPU.ActiveCfg = Debug|Any CPU
		{B345EAD5-8140-456D-83CD-3A0569864B1C}.Debug|Any CPU.Build.0 = Debug|Any CPU
		{B345EAD5-8140-456D-83CD-3A0569864B1C}.Release|Any CPU.ActiveCfg = Release|Any CPU
		{B345EAD5-8140-456D-83CD-3A0569864B1C}.Release|Any CPU.Build.0 = Release|Any CPU
		{50FFAD86-204A-4504-B1ED-37270F6A727D}.Debug|Any CPU.ActiveCfg = Debug|Any CPU
		{50FFAD86-204A-4504-B1ED-37270F6A727D}.Debug|Any CPU.Build.0 = Debug|Any CPU
		{50FFAD86-204A-4504-B1ED-37270F6A727D}.Release|Any CPU.ActiveCfg = Release|Any CPU
		{50FFAD86-204A-4504-B1ED-37270F6A727D}.Release|Any CPU.Build.0 = Release|Any CPU
	EndGlobalSection
	GlobalSection(SolutionProperties) = preSolution
		HideSolutionNode = FALSE
	EndGlobalSection
	GlobalSection(ExtensibilityGlobals) = postSolution
		SolutionGuid = {403EF553-FBC9-496C-BB13-464CB81EBA35}
	EndGlobalSection
EndGlobal
